// !$*UTF8*$!
{
	archiveVersion = 1;
	classes = {
	};
	objectVersion = 45;
	objects = {

/* Begin PBXBuildFile section */
		0F7F1E3D13AB9FC800A857F8 /* PacienteViewController.m in Sources */ = {isa = PBXBuildFile; fileRef = 0F7F1E3B13AB9FC800A857F8 /* PacienteViewController.m */; };
		0F7F1E3E13AB9FC800A857F8 /* PacienteViewController.xib in Resources */ = {isa = PBXBuildFile; fileRef = 0F7F1E3C13AB9FC800A857F8 /* PacienteViewController.xib */; };
		0F7F1E6313ABB2D000A857F8 /* ConsultaListViewController.m in Sources */ = {isa = PBXBuildFile; fileRef = 0F7F1E6113ABB2D000A857F8 /* ConsultaListViewController.m */; };
		0F7F1E6413ABB2D000A857F8 /* ConsultaListViewController.xib in Resources */ = {isa = PBXBuildFile; fileRef = 0F7F1E6213ABB2D000A857F8 /* ConsultaListViewController.xib */; };
		0F7F1E6C13ABB74B00A857F8 /* ConsultaViewController.m in Sources */ = {isa = PBXBuildFile; fileRef = 0F7F1E6A13ABB74B00A857F8 /* ConsultaViewController.m */; };
		0F7F1E6D13ABB74B00A857F8 /* ConsultaViewController.xib in Resources */ = {isa = PBXBuildFile; fileRef = 0F7F1E6B13ABB74B00A857F8 /* ConsultaViewController.xib */; };
		0F7F1ED813ABC9AC00A857F8 /* ConsultaRViewController.m in Sources */ = {isa = PBXBuildFile; fileRef = 0F7F1ED613ABC9AC00A857F8 /* ConsultaRViewController.m */; };
		0F7F1ED913ABC9AC00A857F8 /* ConsultaRViewController.xib in Resources */ = {isa = PBXBuildFile; fileRef = 0F7F1ED713ABC9AC00A857F8 /* ConsultaRViewController.xib */; };
		0F7F1F4613ABD4D900A857F8 /* icon.png in Resources */ = {isa = PBXBuildFile; fileRef = 0F7F1F4513ABD4D900A857F8 /* icon.png */; };
		1D3623260D0F684500981E51 /* MiConsultaAppDelegate.m in Sources */ = {isa = PBXBuildFile; fileRef = 1D3623250D0F684500981E51 /* MiConsultaAppDelegate.m */; };
		1D60589B0D05DD56006BFB54 /* main.m in Sources */ = {isa = PBXBuildFile; fileRef = 29B97316FDCFA39411CA2CEA /* main.m */; };
		1D60589F0D05DD5A006BFB54 /* Foundation.framework in Frameworks */ = {isa = PBXBuildFile; fileRef = 1D30AB110D05D00D00671497 /* Foundation.framework */; };
		1DF5F4E00D08C38300B7A737 /* UIKit.framework in Frameworks */ = {isa = PBXBuildFile; fileRef = 1DF5F4DF0D08C38300B7A737 /* UIKit.framework */; };
		28860BE50F44EE6400985440 /* CoreData.framework in Frameworks */ = {isa = PBXBuildFile; fileRef = 28860BE40F44EE6400985440 /* CoreData.framework */; };
		2892E4100DC94CBA00A64D0F /* CoreGraphics.framework in Frameworks */ = {isa = PBXBuildFile; fileRef = 2892E40F0DC94CBA00A64D0F /* CoreGraphics.framework */; };
		2899E5600DE3E45000AC0155 /* RootViewController.xib in Resources */ = {isa = PBXBuildFile; fileRef = 2899E55F0DE3E45000AC0155 /* RootViewController.xib */; };
		28AD73600D9D9599002E5188 /* MainWindow.xib in Resources */ = {isa = PBXBuildFile; fileRef = 28AD735F0D9D9599002E5188 /* MainWindow.xib */; };
		28C286E10D94DF7D0034E888 /* RootViewController.m in Sources */ = {isa = PBXBuildFile; fileRef = 28C286E00D94DF7D0034E888 /* RootViewController.m */; };
		28D3F202112F7DC200FD0661 /* MiConsulta.xcdatamodeld in Sources */ = {isa = PBXBuildFile; fileRef = 28D3F201112F7DC200FD0661 /* MiConsulta.xcdatamodeld */; };
/* End PBXBuildFile section */

/* Begin PBXFileReference section */
		0F7F1E3A13AB9FC800A857F8 /* PacienteViewController.h */ = {isa = PBXFileReference; fileEncoding = 4; lastKnownFileType = sourcecode.c.h; path = PacienteViewController.h; sourceTree = "<group>"; };
		0F7F1E3B13AB9FC800A857F8 /* PacienteViewController.m */ = {isa = PBXFileReference; fileEncoding = 4; lastKnownFileType = sourcecode.c.objc; path = PacienteViewController.m; sourceTree = "<group>"; };
		0F7F1E3C13AB9FC800A857F8 /* PacienteViewController.xib */ = {isa = PBXFileReference; lastKnownFileType = file.xib; name = PacienteViewController.xib; path = Classes/PacienteViewController.xib; sourceTree = "<group>"; };
		0F7F1E6013ABB2D000A857F8 /* ConsultaListViewController.h */ = {isa = PBXFileReference; fileEncoding = 4; lastKnownFileType = sourcecode.c.h; path = ConsultaListViewController.h; sourceTree = "<group>"; };
		0F7F1E6113ABB2D000A857F8 /* ConsultaListViewController.m */ = {isa = PBXFileReference; fileEncoding = 4; lastKnownFileType = sourcecode.c.objc; path = ConsultaListViewController.m; sourceTree = "<group>"; };
		0F7F1E6213ABB2D000A857F8 /* ConsultaListViewController.xib */ = {isa = PBXFileReference; lastKnownFileType = file.xib; name = ConsultaListViewController.xib; path = Classes/ConsultaListViewController.xib; sourceTree = "<group>"; };
		0F7F1E6913ABB74B00A857F8 /* ConsultaViewController.h */ = {isa = PBXFileReference; fileEncoding = 4; lastKnownFileType = sourcecode.c.h; path = ConsultaViewController.h; sourceTree = "<group>"; };
		0F7F1E6A13ABB74B00A857F8 /* ConsultaViewController.m */ = {isa = PBXFileReference; fileEncoding = 4; lastKnownFileType = sourcecode.c.objc; path = ConsultaViewController.m; sourceTree = "<group>"; };
		0F7F1E6B13ABB74B00A857F8 /* ConsultaViewController.xib */ = {isa = PBXFileReference; lastKnownFileType = file.xib; name = ConsultaViewController.xib; path = Classes/ConsultaViewController.xib; sourceTree = "<group>"; };
		0F7F1ED513ABC9AC00A857F8 /* ConsultaRViewController.h */ = {isa = PBXFileReference; fileEncoding = 4; lastKnownFileType = sourcecode.c.h; path = ConsultaRViewController.h; sourceTree = "<group>"; };
		0F7F1ED613ABC9AC00A857F8 /* ConsultaRViewController.m */ = {isa = PBXFileReference; fileEncoding = 4; lastKnownFileType = sourcecode.c.objc; path = ConsultaRViewController.m; sourceTree = "<group>"; };
		0F7F1ED713ABC9AC00A857F8 /* ConsultaRViewController.xib */ = {isa = PBXFileReference; lastKnownFileType = file.xib; name = ConsultaRViewController.xib; path = Classes/ConsultaRViewController.xib; sourceTree = "<group>"; };
		0F7F1F4513ABD4D900A857F8 /* icon.png */ = {isa = PBXFileReference; lastKnownFileType = image.png; path = icon.png; sourceTree = "<group>"; };
		1D30AB110D05D00D00671497 /* Foundation.framework */ = {isa = PBXFileReference; lastKnownFileType = wrapper.framework; name = Foundation.framework; path = System/Library/Frameworks/Foundation.framework; sourceTree = SDKROOT; };
		1D3623240D0F684500981E51 /* MiConsultaAppDelegate.h */ = {isa = PBXFileReference; fileEncoding = 4; lastKnownFileType = sourcecode.c.h; path = MiConsultaAppDelegate.h; sourceTree = "<group>"; };
		1D3623250D0F684500981E51 /* MiConsultaAppDelegate.m */ = {isa = PBXFileReference; fileEncoding = 4; lastKnownFileType = sourcecode.c.objc; path = MiConsultaAppDelegate.m; sourceTree = "<group>"; };
		1D6058910D05DD3D006BFB54 /* MiConsulta.app */ = {isa = PBXFileReference; explicitFileType = wrapper.application; includeInIndex = 0; path = MiConsulta.app; sourceTree = BUILT_PRODUCTS_DIR; };
		1DF5F4DF0D08C38300B7A737 /* UIKit.framework */ = {isa = PBXFileReference; lastKnownFileType = wrapper.framework; name = UIKit.framework; path = System/Library/Frameworks/UIKit.framework; sourceTree = SDKROOT; };
		28860B760F44E54D00985440 /* MiConsulta.xcdatamodel */ = {isa = PBXFileReference; fileEncoding = 4; lastKnownFileType = wrapper.xcdatamodel; path = MiConsulta.xcdatamodel; sourceTree = "<group>"; };
		28860BE40F44EE6400985440 /* CoreData.framework */ = {isa = PBXFileReference; lastKnownFileType = wrapper.framework; name = CoreData.framework; path = System/Library/Frameworks/CoreData.framework; sourceTree = SDKROOT; };
		2892E40F0DC94CBA00A64D0F /* CoreGraphics.framework */ = {isa = PBXFileReference; lastKnownFileType = wrapper.framework; name = CoreGraphics.framework; path = System/Library/Frameworks/CoreGraphics.framework; sourceTree = SDKROOT; };
		2899E55F0DE3E45000AC0155 /* RootViewController.xib */ = {isa = PBXFileReference; lastKnownFileType = file.xib; path = RootViewController.xib; sourceTree = "<group>"; };
		28A0AAE50D9B0CCF005BE974 /* MiConsulta_Prefix.pch */ = {isa = PBXFileReference; fileEncoding = 4; lastKnownFileType = sourcecode.c.h; path = MiConsulta_Prefix.pch; sourceTree = "<group>"; };
		28AD735F0D9D9599002E5188 /* MainWindow.xib */ = {isa = PBXFileReference; lastKnownFileType = file.xib; path = MainWindow.xib; sourceTree = "<group>"; };
		28C286DF0D94DF7D0034E888 /* RootViewController.h */ = {isa = PBXFileReference; fileEncoding = 4; lastKnownFileType = sourcecode.c.h; path = RootViewController.h; sourceTree = "<group>"; };
		28C286E00D94DF7D0034E888 /* RootViewController.m */ = {isa = PBXFileReference; fileEncoding = 4; lastKnownFileType = sourcecode.c.objc; path = RootViewController.m; sourceTree = "<group>"; };
		29B97316FDCFA39411CA2CEA /* main.m */ = {isa = PBXFileReference; fileEncoding = 4; lastKnownFileType = sourcecode.c.objc; path = main.m; sourceTree = "<group>"; };
		8D1107310486CEB800E47090 /* MiConsulta-Info.plist */ = {isa = PBXFileReference; fileEncoding = 4; lastKnownFileType = text.plist.xml; path = "MiConsulta-Info.plist"; plistStructureDefinitionIdentifier = "com.apple.xcode.plist.structure-definition.iphone.info-plist"; sourceTree = "<group>"; };
/* End PBXFileReference section */

/* Begin PBXFrameworksBuildPhase section */
		1D60588F0D05DD3D006BFB54 /* Frameworks */ = {
			isa = PBXFrameworksBuildPhase;
			buildActionMask = 2147483647;
			files = (
				1D60589F0D05DD5A006BFB54 /* Foundation.framework in Frameworks */,
				1DF5F4E00D08C38300B7A737 /* UIKit.framework in Frameworks */,
				2892E4100DC94CBA00A64D0F /* CoreGraphics.framework in Frameworks */,
				28860BE50F44EE6400985440 /* CoreData.framework in Frameworks */,
			);
			runOnlyForDeploymentPostprocessing = 0;
		};
/* End PBXFrameworksBuildPhase section */

/* Begin PBXGroup section */
		080E96DDFE201D6D7F000001 /* Classes */ = {
			isa = PBXGroup;
			children = (
				0F7F1E6913ABB74B00A857F8 /* ConsultaViewController.h */,
				0F7F1E6A13ABB74B00A857F8 /* ConsultaViewController.m */,
				0F7F1E6013ABB2D000A857F8 /* ConsultaListViewController.h */,
				0F7F1E6113ABB2D000A857F8 /* ConsultaListViewController.m */,
				0F7F1E3A13AB9FC800A857F8 /* PacienteViewController.h */,
				0F7F1E3B13AB9FC800A857F8 /* PacienteViewController.m */,
				28C286DF0D94DF7D0034E888 /* RootViewController.h */,
				28C286E00D94DF7D0034E888 /* RootViewController.m */,
				1D3623240D0F684500981E51 /* MiConsultaAppDelegate.h */,
				1D3623250D0F684500981E51 /* MiConsultaAppDelegate.m */,
				0F7F1ED513ABC9AC00A857F8 /* ConsultaRViewController.h */,
				0F7F1ED613ABC9AC00A857F8 /* ConsultaRViewController.m */,
			);
			path = Classes;
			sourceTree = "<group>";
		};
		19C28FACFE9D520D11CA2CBB /* Products */ = {
			isa = PBXGroup;
			children = (
				1D6058910D05DD3D006BFB54 /* MiConsulta.app */,
			);
			name = Products;
			sourceTree = "<group>";
		};
		29B97314FDCFA39411CA2CEA /* CustomTemplate */ = {
			isa = PBXGroup;
			children = (
				080E96DDFE201D6D7F000001 /* Classes */,
				29B97315FDCFA39411CA2CEA /* Other Sources */,
				29B97317FDCFA39411CA2CEA /* Resources */,
				29B97323FDCFA39411CA2CEA /* Frameworks */,
				19C28FACFE9D520D11CA2CBB /* Products */,
			);
			name = CustomTemplate;
			sourceTree = "<group>";
		};
		29B97315FDCFA39411CA2CEA /* Other Sources */ = {
			isa = PBXGroup;
			children = (
				28A0AAE50D9B0CCF005BE974 /* MiConsulta_Prefix.pch */,
				29B97316FDCFA39411CA2CEA /* main.m */,
			);
			name = "Other Sources";
			sourceTree = "<group>";
		};
		29B97317FDCFA39411CA2CEA /* Resources */ = {
			isa = PBXGroup;
			children = (
				0F7F1F4513ABD4D900A857F8 /* icon.png */,
				28D3F201112F7DC200FD0661 /* MiConsulta.xcdatamodeld */,
				2899E55F0DE3E45000AC0155 /* RootViewController.xib */,
				0F7F1E3C13AB9FC800A857F8 /* PacienteViewController.xib */,
				0F7F1E6213ABB2D000A857F8 /* ConsultaListViewController.xib */,
				0F7F1E6B13ABB74B00A857F8 /* ConsultaViewController.xib */,
				0F7F1ED713ABC9AC00A857F8 /* ConsultaRViewController.xib */,
				28AD735F0D9D9599002E5188 /* MainWindow.xib */,
				8D1107310486CEB800E47090 /* MiConsulta-Info.plist */,
			);
			name = Resources;
			sourceTree = "<group>";
		};
		29B97323FDCFA39411CA2CEA /* Frameworks */ = {
			isa = PBXGroup;
			children = (
				1DF5F4DF0D08C38300B7A737 /* UIKit.framework */,
				1D30AB110D05D00D00671497 /* Foundation.framework */,
				2892E40F0DC94CBA00A64D0F /* CoreGraphics.framework */,
				28860BE40F44EE6400985440 /* CoreData.framework */,
			);
			name = Frameworks;
			sourceTree = "<group>";
		};
/* End PBXGroup section */

/* Begin PBXNativeTarget section */
		1D6058900D05DD3D006BFB54 /* MiConsulta */ = {
			isa = PBXNativeTarget;
			buildConfigurationList = 1D6058960D05DD3E006BFB54 /* Build configuration list for PBXNativeTarget "MiConsulta" */;
			buildPhases = (
				1D60588D0D05DD3D006BFB54 /* Resources */,
				1D60588E0D05DD3D006BFB54 /* Sources */,
				1D60588F0D05DD3D006BFB54 /* Frameworks */,
			);
			buildRules = (
			);
			dependencies = (
			);
			name = MiConsulta;
			productName = MiConsulta;
			productReference = 1D6058910D05DD3D006BFB54 /* MiConsulta.app */;
			productType = "com.apple.product-type.application";
		};
/* End PBXNativeTarget section */

/* Begin PBXProject section */
		29B97313FDCFA39411CA2CEA /* Project object */ = {
			isa = PBXProject;
			buildConfigurationList = C01FCF4E08A954540054247B /* Build configuration list for PBXProject "MiConsulta" */;
			compatibilityVersion = "Xcode 3.1";
			developmentRegion = English;
			hasScannedForEncodings = 1;
			knownRegions = (
				English,
				Japanese,
				French,
				German,
				en,
			);
			mainGroup = 29B97314FDCFA39411CA2CEA /* CustomTemplate */;
			projectDirPath = "";
			projectRoot = "";
			targets = (
				1D6058900D05DD3D006BFB54 /* MiConsulta */,
			);
		};
/* End PBXProject section */

/* Begin PBXResourcesBuildPhase section */
		1D60588D0D05DD3D006BFB54 /* Resources */ = {
			isa = PBXResourcesBuildPhase;
			buildActionMask = 2147483647;
			files = (
				28AD73600D9D9599002E5188 /* MainWindow.xib in Resources */,
				2899E5600DE3E45000AC0155 /* RootViewController.xib in Resources */,
				0F7F1E3E13AB9FC800A857F8 /* PacienteViewController.xib in Resources */,
				0F7F1E6413ABB2D000A857F8 /* ConsultaListViewController.xib in Resources */,
				0F7F1E6D13ABB74B00A857F8 /* ConsultaViewController.xib in Resources */,
				0F7F1ED913ABC9AC00A857F8 /* ConsultaRViewController.xib in Resources */,
				0F7F1F4613ABD4D900A857F8 /* icon.png in Resources */,
			);
			runOnlyForDeploymentPostprocessing = 0;
		};
/* End PBXResourcesBuildPhase section */

/* Begin PBXSourcesBuildPhase section */
		1D60588E0D05DD3D006BFB54 /* Sources */ = {
			isa = PBXSourcesBuildPhase;
			buildActionMask = 2147483647;
			files = (
				1D60589B0D05DD56006BFB54 /* main.m in Sources */,
				1D3623260D0F684500981E51 /* MiConsultaAppDelegate.m in Sources */,
				28C286E10D94DF7D0034E888 /* RootViewController.m in Sources */,
				28D3F202112F7DC200FD0661 /* MiConsulta.xcdatamodeld in Sources */,
				0F7F1E3D13AB9FC800A857F8 /* PacienteViewController.m in Sources */,
				0F7F1E6313ABB2D000A857F8 /* ConsultaListViewController.m in Sources */,
				0F7F1E6C13ABB74B00A857F8 /* ConsultaViewController.m in Sources */,
				0F7F1ED813ABC9AC00A857F8 /* ConsultaRViewController.m in Sources */,
			);
			runOnlyForDeploymentPostprocessing = 0;
		};
/* End PBXSourcesBuildPhase section */

/* Begin XCBuildConfiguration section */
		1D6058940D05DD3E006BFB54 /* Debug */ = {
			isa = XCBuildConfiguration;
			buildSettings = {
				ALWAYS_SEARCH_USER_PATHS = NO;
				COPY_PHASE_STRIP = NO;
				GCC_DYNAMIC_NO_PIC = NO;
				GCC_OPTIMIZATION_LEVEL = 0;
				GCC_PRECOMPILE_PREFIX_HEADER = YES;
				GCC_PREFIX_HEADER = MiConsulta_Prefix.pch;
				INFOPLIST_FILE = "MiConsulta-Info.plist";
				PRODUCT_NAME = MiConsulta;
			};
			name = Debug;
		};
		1D6058950D05DD3E006BFB54 /* Release */ = {
			isa = XCBuildConfiguration;
			buildSettings = {
				ALWAYS_SEARCH_USER_PATHS = NO;
				COPY_PHASE_STRIP = YES;
				GCC_PRECOMPILE_PREFIX_HEADER = YES;
				GCC_PREFIX_HEADER = MiConsulta_Prefix.pch;
				INFOPLIST_FILE = "MiConsulta-Info.plist";
				PRODUCT_NAME = MiConsulta;
				VALIDATE_PRODUCT = YES;
			};
			name = Release;
		};
		C01FCF4F08A954540054247B /* Debug */ = {
			isa = XCBuildConfiguration;
			buildSettings = {
				ARCHS = "$(ARCHS_STANDARD_32_BIT)";
				"CODE_SIGN_IDENTITY[sdk=iphoneos*]" = "iPhone Developer";
				GCC_C_LANGUAGE_STANDARD = c99;
				GCC_WARN_ABOUT_RETURN_TYPE = YES;
				GCC_WARN_UNUSED_VARIABLE = YES;
				PREBINDING = NO;
				SDKROOT = iphoneos;
			};
			name = Debug;
		};
		C01FCF5008A954540054247B /* Release */ = {
			isa = XCBuildConfiguration;
			buildSettings = {
				ARCHS = "$(ARCHS_STANDARD_32_BIT)";
				"CODE_SIGN_IDENTITY[sdk=iphoneos*]" = "iPhone Developer";
				GCC_C_LANGUAGE_STANDARD = c99;
				GCC_WARN_ABOUT_RETURN_TYPE = YES;
				GCC_WARN_UNUSED_VARIABLE = YES;
				OTHER_CFLAGS = "-DNS_BLOCK_ASSERTIONS=1";
				PREBINDING = NO;
				SDKROOT = iphoneos;
			};
			name = Release;
		};
/* End XCBuildConfiguration section */

/* Begin XCConfigurationList section */
		1D6058960D05DD3E006BFB54 /* Build configuration list for PBXNativeTarget "MiConsulta" */ = {
			isa = XCConfigurationList;
			buildConfigurations = (
				1D6058940D05DD3E006BFB54 /* Debug */,
				1D6058950D05DD3E006BFB54 /* Release */,
			);
			defaultConfigurationIsVisible = 0;
			defaultConfigurationName = Release;
		};
		C01FCF4E08A954540054247B /* Build configuration list for PBXProject "MiConsulta" */ = {
			isa = XCConfigurationList;
			buildConfigurations = (
				C01FCF4F08A954540054247B /* Debug */,
				C01FCF5008A954540054247B /* Release */,
			);
			defaultConfigurationIsVisible = 0;
			defaultConfigurationName = Release;
		};
/* End XCConfigurationList section */

/* Begin XCVersionGroup section */
		28D3F201112F7DC200FD0661 /* MiConsulta.xcdatamodeld */ = {
			isa = XCVersionGroup;
			children = (
				28860B760F44E54D00985440 /* MiConsulta.xcdatamodel */,
			);
			currentVersion = 28860B760F44E54D00985440 /* MiConsulta.xcdatamodel */;
			path = MiConsulta.xcdatamodeld;
			sourceTree = "<group>";
			versionGroupType = wrapper.xcdatamodel;
		};
/* End XCVersionGroup section */
	};
	rootObject = 29B97313FDCFA39411CA2CEA /* Project object */;
}
